// !$*UTF8*$!
{
	archiveVersion = 1;
	classes = {
	};
	objectVersion = 50;
	objects = {

/* Begin PBXBuildFile section */
		50157FB9229624B900BF69EE /* UIButtonExtensionTest.swift in Sources */ = {isa = PBXBuildFile; fileRef = 50157FB8229624B900BF69EE /* UIButtonExtensionTest.swift */; };
		50157FC92296365600BF69EE /* UIImage+JSSwifter.swift in Sources */ = {isa = PBXBuildFile; fileRef = 50157FC82296365600BF69EE /* UIImage+JSSwifter.swift */; };
		50157FCB22964EAC00BF69EE /* UIImageExtensionTest.swift in Sources */ = {isa = PBXBuildFile; fileRef = 50157FCA22964EAC00BF69EE /* UIImageExtensionTest.swift */; };
		50157FCD229668A500BF69EE /* test.png in Resources */ = {isa = PBXBuildFile; fileRef = 50157FCC229668A500BF69EE /* test.png */; };
		50157FD82296850C00BF69EE /* Character+JSSwifter.swift in Sources */ = {isa = PBXBuildFile; fileRef = 50157FD72296850C00BF69EE /* Character+JSSwifter.swift */; };
		50157FDA2296853E00BF69EE /* Collection+JSSwifter.swift in Sources */ = {isa = PBXBuildFile; fileRef = 50157FD92296853E00BF69EE /* Collection+JSSwifter.swift */; };
		50157FDC2296855E00BF69EE /* Comparable+JSSwifter.swift in Sources */ = {isa = PBXBuildFile; fileRef = 50157FDB2296855E00BF69EE /* Comparable+JSSwifter.swift */; };
		50157FE422968AA500BF69EE /* ComparableExtensionTest.swift in Sources */ = {isa = PBXBuildFile; fileRef = 50157FE322968AA500BF69EE /* ComparableExtensionTest.swift */; };
		50157FE62296919600BF69EE /* CharacterExtensionTest.swift in Sources */ = {isa = PBXBuildFile; fileRef = 50157FE52296919600BF69EE /* CharacterExtensionTest.swift */; };
		50157FE822969DD100BF69EE /* CollectionExtensionTest.swift in Sources */ = {isa = PBXBuildFile; fileRef = 50157FE722969DD100BF69EE /* CollectionExtensionTest.swift */; };
		50317BBC228D920300808D1A /* FloatExtensionTest.swift in Sources */ = {isa = PBXBuildFile; fileRef = 50317BBB228D920300808D1A /* FloatExtensionTest.swift */; };
		50317BBE228D921000808D1A /* DoubleExtensionTest.swift in Sources */ = {isa = PBXBuildFile; fileRef = 50317BBD228D921000808D1A /* DoubleExtensionTest.swift */; };
		5032E7082292367B00CB40A6 /* Array+JSSwifter.swift in Sources */ = {isa = PBXBuildFile; fileRef = 5032E7072292367B00CB40A6 /* Array+JSSwifter.swift */; };
		5032E70A2292407500CB40A6 /* ArrayExtensionTest.swift in Sources */ = {isa = PBXBuildFile; fileRef = 5032E7092292407500CB40A6 /* ArrayExtensionTest.swift */; };
		5032E70F2292A84200CB40A6 /* test.plist in Resources */ = {isa = PBXBuildFile; fileRef = 5032E70D22928EBA00CB40A6 /* test.plist */; };
		5032E7112292A94C00CB40A6 /* Dictionary+JSSwifter.swift in Sources */ = {isa = PBXBuildFile; fileRef = 5032E7102292A94C00CB40A6 /* Dictionary+JSSwifter.swift */; };
		5044A2112297932400F5213A /* String+JSSwifter.swift in Sources */ = {isa = PBXBuildFile; fileRef = 5044A2102297932400F5213A /* String+JSSwifter.swift */; };
		5044A21322979B0600F5213A /* StringExtensionTest.swift in Sources */ = {isa = PBXBuildFile; fileRef = 5044A21222979B0600F5213A /* StringExtensionTest.swift */; };
		505E5B3F228AECE5009BB9EE /* Data+JSSwifter.swift in Sources */ = {isa = PBXBuildFile; fileRef = 505E5B3E228AECE5009BB9EE /* Data+JSSwifter.swift */; };
		505E5B41228B0D8E009BB9EE /* Date+JSSwifter.swift in Sources */ = {isa = PBXBuildFile; fileRef = 505E5B40228B0D8E009BB9EE /* Date+JSSwifter.swift */; };
		505E5B45228B0DBF009BB9EE /* UITableView+JSSwifter.swift in Sources */ = {isa = PBXBuildFile; fileRef = 505E5B44228B0DBF009BB9EE /* UITableView+JSSwifter.swift */; };
		505E5B47228B0DD2009BB9EE /* UICollectionView+JSSwifter.swift in Sources */ = {isa = PBXBuildFile; fileRef = 505E5B46228B0DD2009BB9EE /* UICollectionView+JSSwifter.swift */; };
		505E5B4F228BB353009BB9EE /* DataExtensionTest.swift in Sources */ = {isa = PBXBuildFile; fileRef = 505E5B4E228BB353009BB9EE /* DataExtensionTest.swift */; };
		505E5B55228BDC76009BB9EE /* test.txt.gz in Resources */ = {isa = PBXBuildFile; fileRef = 505E5B54228BDC76009BB9EE /* test.txt.gz */; };
		505E5B57228C0AF1009BB9EE /* test.json in Resources */ = {isa = PBXBuildFile; fileRef = 505E5B56228C0AF1009BB9EE /* test.json */; };
		505E5B59228C11AA009BB9EE /* UITableViewExtensionTest.swift in Sources */ = {isa = PBXBuildFile; fileRef = 505E5B58228C11AA009BB9EE /* UITableViewExtensionTest.swift */; };
		505E5B5B228C11BB009BB9EE /* UICollectionViewExtensionTest.swift in Sources */ = {isa = PBXBuildFile; fileRef = 505E5B5A228C11BB009BB9EE /* UICollectionViewExtensionTest.swift */; };
		508A26BC228A4DD2009A94FB /* JSSwifter.framework in Frameworks */ = {isa = PBXBuildFile; fileRef = 509DF543228965DA00C4B54F /* JSSwifter.framework */; };
		508A26CB228A4E6D009A94FB /* DispatchQueueExtensionTest.swift in Sources */ = {isa = PBXBuildFile; fileRef = 508A26CA228A4E6D009A94FB /* DispatchQueueExtensionTest.swift */; };
		508A26CD228A65B1009A94FB /* UIColor+JSSwifter.swift in Sources */ = {isa = PBXBuildFile; fileRef = 508A26CC228A65B1009A94FB /* UIColor+JSSwifter.swift */; };
		508A26CF228AA547009A94FB /* UIColorExtensionTest.swift in Sources */ = {isa = PBXBuildFile; fileRef = 508A26CE228AA547009A94FB /* UIColorExtensionTest.swift */; };
		50954815228DA45B00BCE2D0 /* Bool+JSSwifter.swift in Sources */ = {isa = PBXBuildFile; fileRef = 50954814228DA45B00BCE2D0 /* Bool+JSSwifter.swift */; };
		50954817228DA4AF00BCE2D0 /* BoolExtensionTest.swift in Sources */ = {isa = PBXBuildFile; fileRef = 50954816228DA4AF00BCE2D0 /* BoolExtensionTest.swift */; };
		5095481A228E771800BCE2D0 /* CGColor+JSSwifter.swift in Sources */ = {isa = PBXBuildFile; fileRef = 50954819228E771800BCE2D0 /* CGColor+JSSwifter.swift */; };
		5095481D228E779A00BCE2D0 /* CGColorExtensionTest.swift in Sources */ = {isa = PBXBuildFile; fileRef = 5095481C228E779A00BCE2D0 /* CGColorExtensionTest.swift */; };
		5095481F228E7C9700BCE2D0 /* CGFloat+JSSwifter.swift in Sources */ = {isa = PBXBuildFile; fileRef = 5095481E228E7C9700BCE2D0 /* CGFloat+JSSwifter.swift */; };
		50954821228E7E1000BCE2D0 /* CGFloatExtensionTest.swift in Sources */ = {isa = PBXBuildFile; fileRef = 50954820228E7E1000BCE2D0 /* CGFloatExtensionTest.swift */; };
		50954823228E837000BCE2D0 /* CGPoint+JSSwifter.swift in Sources */ = {isa = PBXBuildFile; fileRef = 50954822228E837000BCE2D0 /* CGPoint+JSSwifter.swift */; };
		50954825228E85F500BCE2D0 /* CGPointExtensionTest.swift in Sources */ = {isa = PBXBuildFile; fileRef = 50954824228E85F500BCE2D0 /* CGPointExtensionTest.swift */; };
		50954827228E90BB00BCE2D0 /* CGSize+JSSwifter.swift in Sources */ = {isa = PBXBuildFile; fileRef = 50954826228E90BB00BCE2D0 /* CGSize+JSSwifter.swift */; };
		50954829228E970100BCE2D0 /* CGSizeExtensionTest.swift in Sources */ = {isa = PBXBuildFile; fileRef = 50954828228E970100BCE2D0 /* CGSizeExtensionTest.swift */; };
		5095482B228E9B5700BCE2D0 /* Calendar+JSSwifter.swift in Sources */ = {isa = PBXBuildFile; fileRef = 5095482A228E9B5700BCE2D0 /* Calendar+JSSwifter.swift */; };
		5095482D228E9BD000BCE2D0 /* CalendarExtensionTest.swift in Sources */ = {isa = PBXBuildFile; fileRef = 5095482C228E9BD000BCE2D0 /* CalendarExtensionTest.swift */; };
		5095482F228E9F5A00BCE2D0 /* UIScrollView+JSSwifter.swift in Sources */ = {isa = PBXBuildFile; fileRef = 5095482E228E9F5A00BCE2D0 /* UIScrollView+JSSwifter.swift */; };
		50954831228EA23600BCE2D0 /* UIScrollViewExtensionTest.swift in Sources */ = {isa = PBXBuildFile; fileRef = 50954830228EA23600BCE2D0 /* UIScrollViewExtensionTest.swift */; };
		50954837228EB6A100BCE2D0 /* Int+JSSwifter.swift in Sources */ = {isa = PBXBuildFile; fileRef = 50954836228EB6A100BCE2D0 /* Int+JSSwifter.swift */; };
		50954839228EBAF400BCE2D0 /* IntExtensionTest.swift in Sources */ = {isa = PBXBuildFile; fileRef = 50954838228EBAF400BCE2D0 /* IntExtensionTest.swift */; };
		5095483C228EE91700BCE2D0 /* CLLocation+JSSwifter.swift in Sources */ = {isa = PBXBuildFile; fileRef = 5095483B228EE91700BCE2D0 /* CLLocation+JSSwifter.swift */; };
		5095483F228EF48300BCE2D0 /* CLLocationExtensionTest.swift in Sources */ = {isa = PBXBuildFile; fileRef = 5095483E228EF48300BCE2D0 /* CLLocationExtensionTest.swift */; };
		50954841228F17FB00BCE2D0 /* FileManager+JSSwifter.swift in Sources */ = {isa = PBXBuildFile; fileRef = 50954840228F17FB00BCE2D0 /* FileManager+JSSwifter.swift */; };
		50954843228F196D00BCE2D0 /* FileManagerExtensionTest.swift in Sources */ = {isa = PBXBuildFile; fileRef = 50954842228F196D00BCE2D0 /* FileManagerExtensionTest.swift */; };
		50954845228F1E8F00BCE2D0 /* UIApplication+JSSwifter.swift in Sources */ = {isa = PBXBuildFile; fileRef = 50954844228F1E8F00BCE2D0 /* UIApplication+JSSwifter.swift */; };
		509DF5672289666600C4B54F /* JSSwifter.h in Headers */ = {isa = PBXBuildFile; fileRef = 509DF5652289666600C4B54F /* JSSwifter.h */; settings = {ATTRIBUTES = (Public, ); }; };
		509DF5782289666E00C4B54F /* LaunchScreen.storyboard in Resources */ = {isa = PBXBuildFile; fileRef = 509DF56B2289666E00C4B54F /* LaunchScreen.storyboard */; };
		509DF5792289666E00C4B54F /* Main.storyboard in Resources */ = {isa = PBXBuildFile; fileRef = 509DF56D2289666E00C4B54F /* Main.storyboard */; };
		509DF57A2289666E00C4B54F /* Assets.xcassets in Resources */ = {isa = PBXBuildFile; fileRef = 509DF5712289666E00C4B54F /* Assets.xcassets */; };
		509DF57B2289666E00C4B54F /* ViewController.swift in Sources */ = {isa = PBXBuildFile; fileRef = 509DF5732289666E00C4B54F /* ViewController.swift */; };
		509DF57C2289666E00C4B54F /* AppDelegate.swift in Sources */ = {isa = PBXBuildFile; fileRef = 509DF5752289666E00C4B54F /* AppDelegate.swift */; };
		509DF57E2289670300C4B54F /* JSSwifter.framework in Frameworks */ = {isa = PBXBuildFile; fileRef = 509DF543228965DA00C4B54F /* JSSwifter.framework */; };
		509DF57F2289670300C4B54F /* JSSwifter.framework in Embed Frameworks */ = {isa = PBXBuildFile; fileRef = 509DF543228965DA00C4B54F /* JSSwifter.framework */; settings = {ATTRIBUTES = (CodeSignOnCopy, RemoveHeadersOnCopy, ); }; };
		509DF58C2289692B00C4B54F /* DispatchQueue+JSSwifter.swift in Sources */ = {isa = PBXBuildFile; fileRef = 509DF58B2289692B00C4B54F /* DispatchQueue+JSSwifter.swift */; };
		50B12E192294E81A00474197 /* UIViewExtensionTest.swift in Sources */ = {isa = PBXBuildFile; fileRef = 50B12E182294E81A00474197 /* UIViewExtensionTest.swift */; };
		50B12E1B22953A5C00474197 /* UIGestureRecognizer+JSSwifter.swift in Sources */ = {isa = PBXBuildFile; fileRef = 50B12E1A22953A5C00474197 /* UIGestureRecognizer+JSSwifter.swift */; };
		50B12E212295465800474197 /* UIGestureRecognizerExtensionTest.swift in Sources */ = {isa = PBXBuildFile; fileRef = 50B12E202295465800474197 /* UIGestureRecognizerExtensionTest.swift */; };
		50B12E2322954E7100474197 /* UIButton+JSSwifter.swift in Sources */ = {isa = PBXBuildFile; fileRef = 50B12E2222954E7100474197 /* UIButton+JSSwifter.swift */; };
		50C25701228CEDCC001B3B96 /* DateExtensionTest.swift in Sources */ = {isa = PBXBuildFile; fileRef = 50C25700228CEDCC001B3B96 /* DateExtensionTest.swift */; };
		50C25703228D6F1B001B3B96 /* Float+JSSwifter.swift in Sources */ = {isa = PBXBuildFile; fileRef = 50C25702228D6F1B001B3B96 /* Float+JSSwifter.swift */; };
		50C25707228D713A001B3B96 /* Double+JSSwifter.swift in Sources */ = {isa = PBXBuildFile; fileRef = 50C25706228D713A001B3B96 /* Double+JSSwifter.swift */; };
		50FA2B4922938CDD007C7E9E /* DictionaryExtensionTest.swift in Sources */ = {isa = PBXBuildFile; fileRef = 50FA2B4822938CDD007C7E9E /* DictionaryExtensionTest.swift */; };
		50FA2B4E22938D26007C7E9E /* test.dict.json in Resources */ = {isa = PBXBuildFile; fileRef = 50FA2B4A22938D18007C7E9E /* test.dict.json */; };
		50FA2B4F22938D29007C7E9E /* test.dict.plist in Resources */ = {isa = PBXBuildFile; fileRef = 50FA2B4C22938D22007C7E9E /* test.dict.plist */; };
		50FA2B512293A564007C7E9E /* Locale+JSSwifter.swift in Sources */ = {isa = PBXBuildFile; fileRef = 50FA2B502293A564007C7E9E /* Locale+JSSwifter.swift */; };
		50FA2B532293A617007C7E9E /* LocaleExtensionTest.swift in Sources */ = {isa = PBXBuildFile; fileRef = 50FA2B522293A617007C7E9E /* LocaleExtensionTest.swift */; };
		50FA2B552293A696007C7E9E /* UserDefaults+JSSwifter.swift in Sources */ = {isa = PBXBuildFile; fileRef = 50FA2B542293A696007C7E9E /* UserDefaults+JSSwifter.swift */; };
		50FA2B572293A9E9007C7E9E /* UserDefaultsExtensionTest.swift in Sources */ = {isa = PBXBuildFile; fileRef = 50FA2B562293A9E9007C7E9E /* UserDefaultsExtensionTest.swift */; };
		50FA2B5A2293C15D007C7E9E /* MKMapView+JSSwifter.swift in Sources */ = {isa = PBXBuildFile; fileRef = 50FA2B592293C15D007C7E9E /* MKMapView+JSSwifter.swift */; };
		50FA2B5D2293C46B007C7E9E /* MKMapViewExtensionTest.swift in Sources */ = {isa = PBXBuildFile; fileRef = 50FA2B5C2293C46B007C7E9E /* MKMapViewExtensionTest.swift */; };
		50FA2B5F2293C7EB007C7E9E /* UIStackView+JSSwifter.swift in Sources */ = {isa = PBXBuildFile; fileRef = 50FA2B5E2293C7EB007C7E9E /* UIStackView+JSSwifter.swift */; };
		50FA2B612293C994007C7E9E /* UIStackViewExtensionTest.swift in Sources */ = {isa = PBXBuildFile; fileRef = 50FA2B602293C994007C7E9E /* UIStackViewExtensionTest.swift */; };
		50FA2B632293D4BB007C7E9E /* UIViewController+JSSwifter.swift in Sources */ = {isa = PBXBuildFile; fileRef = 50FA2B622293D4BB007C7E9E /* UIViewController+JSSwifter.swift */; };
		50FA2B652293DEC8007C7E9E /* UIViewControllerExtensionTest.swift in Sources */ = {isa = PBXBuildFile; fileRef = 50FA2B642293DEC8007C7E9E /* UIViewControllerExtensionTest.swift */; };
		50FA2B672293E33E007C7E9E /* UIView+JSSwifter.swift in Sources */ = {isa = PBXBuildFile; fileRef = 50FA2B662293E33E007C7E9E /* UIView+JSSwifter.swift */; };
/* End PBXBuildFile section */

/* Begin PBXContainerItemProxy section */
		508A26BD228A4DD2009A94FB /* PBXContainerItemProxy */ = {
			isa = PBXContainerItemProxy;
			containerPortal = 509DF53A228965DA00C4B54F /* Project object */;
			proxyType = 1;
			remoteGlobalIDString = 509DF542228965DA00C4B54F;
			remoteInfo = JSSwifter;
		};
		509DF5802289670300C4B54F /* PBXContainerItemProxy */ = {
			isa = PBXContainerItemProxy;
			containerPortal = 509DF53A228965DA00C4B54F /* Project object */;
			proxyType = 1;
			remoteGlobalIDString = 509DF542228965DA00C4B54F;
			remoteInfo = JSSwifter;
		};
/* End PBXContainerItemProxy section */

/* Begin PBXCopyFilesBuildPhase section */
		509DF5822289670400C4B54F /* Embed Frameworks */ = {
			isa = PBXCopyFilesBuildPhase;
			buildActionMask = 2147483647;
			dstPath = "";
			dstSubfolderSpec = 10;
			files = (
				509DF57F2289670300C4B54F /* JSSwifter.framework in Embed Frameworks */,
			);
			name = "Embed Frameworks";
			runOnlyForDeploymentPostprocessing = 0;
		};
/* End PBXCopyFilesBuildPhase section */

/* Begin PBXFileReference section */
		50157FB8229624B900BF69EE /* UIButtonExtensionTest.swift */ = {isa = PBXFileReference; lastKnownFileType = sourcecode.swift; path = UIButtonExtensionTest.swift; sourceTree = "<group>"; };
		50157FC82296365600BF69EE /* UIImage+JSSwifter.swift */ = {isa = PBXFileReference; lastKnownFileType = sourcecode.swift; path = "UIImage+JSSwifter.swift"; sourceTree = "<group>"; };
		50157FCA22964EAC00BF69EE /* UIImageExtensionTest.swift */ = {isa = PBXFileReference; lastKnownFileType = sourcecode.swift; path = UIImageExtensionTest.swift; sourceTree = "<group>"; };
		50157FCC229668A500BF69EE /* test.png */ = {isa = PBXFileReference; lastKnownFileType = image.png; path = test.png; sourceTree = "<group>"; };
		50157FD72296850C00BF69EE /* Character+JSSwifter.swift */ = {isa = PBXFileReference; lastKnownFileType = sourcecode.swift; path = "Character+JSSwifter.swift"; sourceTree = "<group>"; };
		50157FD92296853E00BF69EE /* Collection+JSSwifter.swift */ = {isa = PBXFileReference; lastKnownFileType = sourcecode.swift; path = "Collection+JSSwifter.swift"; sourceTree = "<group>"; };
		50157FDB2296855E00BF69EE /* Comparable+JSSwifter.swift */ = {isa = PBXFileReference; lastKnownFileType = sourcecode.swift; path = "Comparable+JSSwifter.swift"; sourceTree = "<group>"; };
		50157FE322968AA500BF69EE /* ComparableExtensionTest.swift */ = {isa = PBXFileReference; lastKnownFileType = sourcecode.swift; path = ComparableExtensionTest.swift; sourceTree = "<group>"; };
		50157FE52296919600BF69EE /* CharacterExtensionTest.swift */ = {isa = PBXFileReference; lastKnownFileType = sourcecode.swift; path = CharacterExtensionTest.swift; sourceTree = "<group>"; };
		50157FE722969DD100BF69EE /* CollectionExtensionTest.swift */ = {isa = PBXFileReference; lastKnownFileType = sourcecode.swift; path = CollectionExtensionTest.swift; sourceTree = "<group>"; };
		50317BBB228D920300808D1A /* FloatExtensionTest.swift */ = {isa = PBXFileReference; lastKnownFileType = sourcecode.swift; path = FloatExtensionTest.swift; sourceTree = "<group>"; };
		50317BBD228D921000808D1A /* DoubleExtensionTest.swift */ = {isa = PBXFileReference; lastKnownFileType = sourcecode.swift; path = DoubleExtensionTest.swift; sourceTree = "<group>"; };
		5032E7072292367B00CB40A6 /* Array+JSSwifter.swift */ = {isa = PBXFileReference; lastKnownFileType = sourcecode.swift; path = "Array+JSSwifter.swift"; sourceTree = "<group>"; };
		5032E7092292407500CB40A6 /* ArrayExtensionTest.swift */ = {isa = PBXFileReference; lastKnownFileType = sourcecode.swift; path = ArrayExtensionTest.swift; sourceTree = "<group>"; };
		5032E70D22928EBA00CB40A6 /* test.plist */ = {isa = PBXFileReference; lastKnownFileType = text.plist.xml; path = test.plist; sourceTree = "<group>"; };
		5032E7102292A94C00CB40A6 /* Dictionary+JSSwifter.swift */ = {isa = PBXFileReference; lastKnownFileType = sourcecode.swift; path = "Dictionary+JSSwifter.swift"; sourceTree = "<group>"; };
		5044A2102297932400F5213A /* String+JSSwifter.swift */ = {isa = PBXFileReference; lastKnownFileType = sourcecode.swift; path = "String+JSSwifter.swift"; sourceTree = "<group>"; };
		5044A21222979B0600F5213A /* StringExtensionTest.swift */ = {isa = PBXFileReference; lastKnownFileType = sourcecode.swift; path = StringExtensionTest.swift; sourceTree = "<group>"; };
		505E5B3E228AECE5009BB9EE /* Data+JSSwifter.swift */ = {isa = PBXFileReference; lastKnownFileType = sourcecode.swift; path = "Data+JSSwifter.swift"; sourceTree = "<group>"; };
		505E5B40228B0D8E009BB9EE /* Date+JSSwifter.swift */ = {isa = PBXFileReference; lastKnownFileType = sourcecode.swift; path = "Date+JSSwifter.swift"; sourceTree = "<group>"; };
		505E5B44228B0DBF009BB9EE /* UITableView+JSSwifter.swift */ = {isa = PBXFileReference; lastKnownFileType = sourcecode.swift; path = "UITableView+JSSwifter.swift"; sourceTree = "<group>"; };
		505E5B46228B0DD2009BB9EE /* UICollectionView+JSSwifter.swift */ = {isa = PBXFileReference; lastKnownFileType = sourcecode.swift; path = "UICollectionView+JSSwifter.swift"; sourceTree = "<group>"; };
		505E5B4E228BB353009BB9EE /* DataExtensionTest.swift */ = {isa = PBXFileReference; lastKnownFileType = sourcecode.swift; path = DataExtensionTest.swift; sourceTree = "<group>"; };
		505E5B54228BDC76009BB9EE /* test.txt.gz */ = {isa = PBXFileReference; lastKnownFileType = archive.gzip; path = test.txt.gz; sourceTree = "<group>"; };
		505E5B56228C0AF1009BB9EE /* test.json */ = {isa = PBXFileReference; lastKnownFileType = text.json; path = test.json; sourceTree = "<group>"; };
		505E5B58228C11AA009BB9EE /* UITableViewExtensionTest.swift */ = {isa = PBXFileReference; lastKnownFileType = sourcecode.swift; path = UITableViewExtensionTest.swift; sourceTree = "<group>"; };
		505E5B5A228C11BB009BB9EE /* UICollectionViewExtensionTest.swift */ = {isa = PBXFileReference; lastKnownFileType = sourcecode.swift; path = UICollectionViewExtensionTest.swift; sourceTree = "<group>"; };
		508A26B7228A4DD2009A94FB /* JSSwifter-Tests.xctest */ = {isa = PBXFileReference; explicitFileType = wrapper.cfbundle; includeInIndex = 0; path = "JSSwifter-Tests.xctest"; sourceTree = BUILT_PRODUCTS_DIR; };
		508A26C4228A4DFC009A94FB /* Info.plist */ = {isa = PBXFileReference; fileEncoding = 4; lastKnownFileType = text.plist.xml; path = Info.plist; sourceTree = "<group>"; };
		508A26CA228A4E6D009A94FB /* DispatchQueueExtensionTest.swift */ = {isa = PBXFileReference; lastKnownFileType = sourcecode.swift; path = DispatchQueueExtensionTest.swift; sourceTree = "<group>"; };
		508A26CC228A65B1009A94FB /* UIColor+JSSwifter.swift */ = {isa = PBXFileReference; lastKnownFileType = sourcecode.swift; path = "UIColor+JSSwifter.swift"; sourceTree = "<group>"; };
		508A26CE228AA547009A94FB /* UIColorExtensionTest.swift */ = {isa = PBXFileReference; lastKnownFileType = sourcecode.swift; path = UIColorExtensionTest.swift; sourceTree = "<group>"; };
		50954814228DA45B00BCE2D0 /* Bool+JSSwifter.swift */ = {isa = PBXFileReference; lastKnownFileType = sourcecode.swift; path = "Bool+JSSwifter.swift"; sourceTree = "<group>"; };
		50954816228DA4AF00BCE2D0 /* BoolExtensionTest.swift */ = {isa = PBXFileReference; lastKnownFileType = sourcecode.swift; path = BoolExtensionTest.swift; sourceTree = "<group>"; };
		50954819228E771800BCE2D0 /* CGColor+JSSwifter.swift */ = {isa = PBXFileReference; lastKnownFileType = sourcecode.swift; path = "CGColor+JSSwifter.swift"; sourceTree = "<group>"; };
		5095481C228E779A00BCE2D0 /* CGColorExtensionTest.swift */ = {isa = PBXFileReference; lastKnownFileType = sourcecode.swift; path = CGColorExtensionTest.swift; sourceTree = "<group>"; };
		5095481E228E7C9700BCE2D0 /* CGFloat+JSSwifter.swift */ = {isa = PBXFileReference; lastKnownFileType = sourcecode.swift; path = "CGFloat+JSSwifter.swift"; sourceTree = "<group>"; };
		50954820228E7E1000BCE2D0 /* CGFloatExtensionTest.swift */ = {isa = PBXFileReference; lastKnownFileType = sourcecode.swift; path = CGFloatExtensionTest.swift; sourceTree = "<group>"; };
		50954822228E837000BCE2D0 /* CGPoint+JSSwifter.swift */ = {isa = PBXFileReference; lastKnownFileType = sourcecode.swift; path = "CGPoint+JSSwifter.swift"; sourceTree = "<group>"; };
		50954824228E85F500BCE2D0 /* CGPointExtensionTest.swift */ = {isa = PBXFileReference; lastKnownFileType = sourcecode.swift; path = CGPointExtensionTest.swift; sourceTree = "<group>"; };
		50954826228E90BB00BCE2D0 /* CGSize+JSSwifter.swift */ = {isa = PBXFileReference; lastKnownFileType = sourcecode.swift; path = "CGSize+JSSwifter.swift"; sourceTree = "<group>"; };
		50954828228E970100BCE2D0 /* CGSizeExtensionTest.swift */ = {isa = PBXFileReference; lastKnownFileType = sourcecode.swift; path = CGSizeExtensionTest.swift; sourceTree = "<group>"; };
		5095482A228E9B5700BCE2D0 /* Calendar+JSSwifter.swift */ = {isa = PBXFileReference; lastKnownFileType = sourcecode.swift; path = "Calendar+JSSwifter.swift"; sourceTree = "<group>"; };
		5095482C228E9BD000BCE2D0 /* CalendarExtensionTest.swift */ = {isa = PBXFileReference; lastKnownFileType = sourcecode.swift; path = CalendarExtensionTest.swift; sourceTree = "<group>"; };
		5095482E228E9F5A00BCE2D0 /* UIScrollView+JSSwifter.swift */ = {isa = PBXFileReference; lastKnownFileType = sourcecode.swift; path = "UIScrollView+JSSwifter.swift"; sourceTree = "<group>"; };
		50954830228EA23600BCE2D0 /* UIScrollViewExtensionTest.swift */ = {isa = PBXFileReference; lastKnownFileType = sourcecode.swift; path = UIScrollViewExtensionTest.swift; sourceTree = "<group>"; };
		50954836228EB6A100BCE2D0 /* Int+JSSwifter.swift */ = {isa = PBXFileReference; lastKnownFileType = sourcecode.swift; path = "Int+JSSwifter.swift"; sourceTree = "<group>"; };
		50954838228EBAF400BCE2D0 /* IntExtensionTest.swift */ = {isa = PBXFileReference; lastKnownFileType = sourcecode.swift; path = IntExtensionTest.swift; sourceTree = "<group>"; };
		5095483B228EE91700BCE2D0 /* CLLocation+JSSwifter.swift */ = {isa = PBXFileReference; lastKnownFileType = sourcecode.swift; path = "CLLocation+JSSwifter.swift"; sourceTree = "<group>"; };
		5095483E228EF48300BCE2D0 /* CLLocationExtensionTest.swift */ = {isa = PBXFileReference; lastKnownFileType = sourcecode.swift; path = CLLocationExtensionTest.swift; sourceTree = "<group>"; };
		50954840228F17FB00BCE2D0 /* FileManager+JSSwifter.swift */ = {isa = PBXFileReference; lastKnownFileType = sourcecode.swift; path = "FileManager+JSSwifter.swift"; sourceTree = "<group>"; };
		50954842228F196D00BCE2D0 /* FileManagerExtensionTest.swift */ = {isa = PBXFileReference; lastKnownFileType = sourcecode.swift; path = FileManagerExtensionTest.swift; sourceTree = "<group>"; };
		50954844228F1E8F00BCE2D0 /* UIApplication+JSSwifter.swift */ = {isa = PBXFileReference; lastKnownFileType = sourcecode.swift; path = "UIApplication+JSSwifter.swift"; sourceTree = "<group>"; };
		509DF543228965DA00C4B54F /* JSSwifter.framework */ = {isa = PBXFileReference; explicitFileType = wrapper.framework; includeInIndex = 0; path = JSSwifter.framework; sourceTree = BUILT_PRODUCTS_DIR; };
		509DF5522289660B00C4B54F /* JSSwifter-Demo.app */ = {isa = PBXFileReference; explicitFileType = wrapper.application; includeInIndex = 0; path = "JSSwifter-Demo.app"; sourceTree = BUILT_PRODUCTS_DIR; };
		509DF5652289666600C4B54F /* JSSwifter.h */ = {isa = PBXFileReference; fileEncoding = 4; lastKnownFileType = sourcecode.c.h; path = JSSwifter.h; sourceTree = "<group>"; };
		509DF5662289666600C4B54F /* Info.plist */ = {isa = PBXFileReference; fileEncoding = 4; lastKnownFileType = text.plist.xml; path = Info.plist; sourceTree = "<group>"; };
		509DF56C2289666E00C4B54F /* Base */ = {isa = PBXFileReference; lastKnownFileType = file.storyboard; name = Base; path = Base.lproj/LaunchScreen.storyboard; sourceTree = "<group>"; };
		509DF56E2289666E00C4B54F /* Base */ = {isa = PBXFileReference; lastKnownFileType = file.storyboard; name = Base; path = Base.lproj/Main.storyboard; sourceTree = "<group>"; };
		509DF5712289666E00C4B54F /* Assets.xcassets */ = {isa = PBXFileReference; lastKnownFileType = folder.assetcatalog; path = Assets.xcassets; sourceTree = "<group>"; };
		509DF5732289666E00C4B54F /* ViewController.swift */ = {isa = PBXFileReference; fileEncoding = 4; lastKnownFileType = sourcecode.swift; path = ViewController.swift; sourceTree = "<group>"; };
		509DF5752289666E00C4B54F /* AppDelegate.swift */ = {isa = PBXFileReference; fileEncoding = 4; lastKnownFileType = sourcecode.swift; path = AppDelegate.swift; sourceTree = "<group>"; };
		509DF5772289666E00C4B54F /* Info.plist */ = {isa = PBXFileReference; fileEncoding = 4; lastKnownFileType = text.plist.xml; path = Info.plist; sourceTree = "<group>"; };
		509DF58B2289692B00C4B54F /* DispatchQueue+JSSwifter.swift */ = {isa = PBXFileReference; lastKnownFileType = sourcecode.swift; path = "DispatchQueue+JSSwifter.swift"; sourceTree = "<group>"; };
		50B12E182294E81A00474197 /* UIViewExtensionTest.swift */ = {isa = PBXFileReference; lastKnownFileType = sourcecode.swift; path = UIViewExtensionTest.swift; sourceTree = "<group>"; };
		50B12E1A22953A5C00474197 /* UIGestureRecognizer+JSSwifter.swift */ = {isa = PBXFileReference; lastKnownFileType = sourcecode.swift; path = "UIGestureRecognizer+JSSwifter.swift"; sourceTree = "<group>"; };
		50B12E202295465800474197 /* UIGestureRecognizerExtensionTest.swift */ = {isa = PBXFileReference; lastKnownFileType = sourcecode.swift; path = UIGestureRecognizerExtensionTest.swift; sourceTree = "<group>"; };
		50B12E2222954E7100474197 /* UIButton+JSSwifter.swift */ = {isa = PBXFileReference; lastKnownFileType = sourcecode.swift; path = "UIButton+JSSwifter.swift"; sourceTree = "<group>"; };
		50C25700228CEDCC001B3B96 /* DateExtensionTest.swift */ = {isa = PBXFileReference; lastKnownFileType = sourcecode.swift; path = DateExtensionTest.swift; sourceTree = "<group>"; };
		50C25702228D6F1B001B3B96 /* Float+JSSwifter.swift */ = {isa = PBXFileReference; lastKnownFileType = sourcecode.swift; path = "Float+JSSwifter.swift"; sourceTree = "<group>"; };
		50C25706228D713A001B3B96 /* Double+JSSwifter.swift */ = {isa = PBXFileReference; lastKnownFileType = sourcecode.swift; path = "Double+JSSwifter.swift"; sourceTree = "<group>"; };
		50FA2B4822938CDD007C7E9E /* DictionaryExtensionTest.swift */ = {isa = PBXFileReference; lastKnownFileType = sourcecode.swift; path = DictionaryExtensionTest.swift; sourceTree = "<group>"; };
		50FA2B4A22938D18007C7E9E /* test.dict.json */ = {isa = PBXFileReference; lastKnownFileType = text.json; path = test.dict.json; sourceTree = "<group>"; };
		50FA2B4C22938D22007C7E9E /* test.dict.plist */ = {isa = PBXFileReference; lastKnownFileType = text.plist.xml; path = test.dict.plist; sourceTree = "<group>"; };
		50FA2B502293A564007C7E9E /* Locale+JSSwifter.swift */ = {isa = PBXFileReference; lastKnownFileType = sourcecode.swift; path = "Locale+JSSwifter.swift"; sourceTree = "<group>"; };
		50FA2B522293A617007C7E9E /* LocaleExtensionTest.swift */ = {isa = PBXFileReference; lastKnownFileType = sourcecode.swift; path = LocaleExtensionTest.swift; sourceTree = "<group>"; };
		50FA2B542293A696007C7E9E /* UserDefaults+JSSwifter.swift */ = {isa = PBXFileReference; lastKnownFileType = sourcecode.swift; path = "UserDefaults+JSSwifter.swift"; sourceTree = "<group>"; };
		50FA2B562293A9E9007C7E9E /* UserDefaultsExtensionTest.swift */ = {isa = PBXFileReference; lastKnownFileType = sourcecode.swift; path = UserDefaultsExtensionTest.swift; sourceTree = "<group>"; };
		50FA2B592293C15D007C7E9E /* MKMapView+JSSwifter.swift */ = {isa = PBXFileReference; lastKnownFileType = sourcecode.swift; path = "MKMapView+JSSwifter.swift"; sourceTree = "<group>"; };
		50FA2B5C2293C46B007C7E9E /* MKMapViewExtensionTest.swift */ = {isa = PBXFileReference; lastKnownFileType = sourcecode.swift; path = MKMapViewExtensionTest.swift; sourceTree = "<group>"; };
		50FA2B5E2293C7EB007C7E9E /* UIStackView+JSSwifter.swift */ = {isa = PBXFileReference; lastKnownFileType = sourcecode.swift; path = "UIStackView+JSSwifter.swift"; sourceTree = "<group>"; };
		50FA2B602293C994007C7E9E /* UIStackViewExtensionTest.swift */ = {isa = PBXFileReference; lastKnownFileType = sourcecode.swift; path = UIStackViewExtensionTest.swift; sourceTree = "<group>"; };
		50FA2B622293D4BB007C7E9E /* UIViewController+JSSwifter.swift */ = {isa = PBXFileReference; lastKnownFileType = sourcecode.swift; path = "UIViewController+JSSwifter.swift"; sourceTree = "<group>"; };
		50FA2B642293DEC8007C7E9E /* UIViewControllerExtensionTest.swift */ = {isa = PBXFileReference; lastKnownFileType = sourcecode.swift; path = UIViewControllerExtensionTest.swift; sourceTree = "<group>"; };
		50FA2B662293E33E007C7E9E /* UIView+JSSwifter.swift */ = {isa = PBXFileReference; lastKnownFileType = sourcecode.swift; path = "UIView+JSSwifter.swift"; sourceTree = "<group>"; };
/* End PBXFileReference section */

/* Begin PBXFrameworksBuildPhase section */
		508A26B4228A4DD2009A94FB /* Frameworks */ = {
			isa = PBXFrameworksBuildPhase;
			buildActionMask = 2147483647;
			files = (
				508A26BC228A4DD2009A94FB /* JSSwifter.framework in Frameworks */,
			);
			runOnlyForDeploymentPostprocessing = 0;
		};
		509DF540228965DA00C4B54F /* Frameworks */ = {
			isa = PBXFrameworksBuildPhase;
			buildActionMask = 2147483647;
			files = (
			);
			runOnlyForDeploymentPostprocessing = 0;
		};
		509DF54F2289660B00C4B54F /* Frameworks */ = {
			isa = PBXFrameworksBuildPhase;
			buildActionMask = 2147483647;
			files = (
				509DF57E2289670300C4B54F /* JSSwifter.framework in Frameworks */,
			);
			runOnlyForDeploymentPostprocessing = 0;
		};
/* End PBXFrameworksBuildPhase section */

/* Begin PBXGroup section */
		505E5B51228BD9A0009BB9EE /* Resources */ = {
			isa = PBXGroup;
			children = (
				50157FCC229668A500BF69EE /* test.png */,
				505E5B54228BDC76009BB9EE /* test.txt.gz */,
				505E5B56228C0AF1009BB9EE /* test.json */,
				5032E70D22928EBA00CB40A6 /* test.plist */,
				50FA2B4A22938D18007C7E9E /* test.dict.json */,
				50FA2B4C22938D22007C7E9E /* test.dict.plist */,
			);
			path = Resources;
			sourceTree = "<group>";
		};
		508A26C2228A4DFC009A94FB /* Tests */ = {
			isa = PBXGroup;
			children = (
				5095481B228E775C00BCE2D0 /* CoreGraphics */,
				5095483D228EF46E00BCE2D0 /* CoreLocation */,
				508A26C7228A4E32009A94FB /* Foundation */,
				50FA2B5B2293C44B007C7E9E /* MapKit */,
				508A26C8228A4E3F009A94FB /* UIKit */,
				505E5B51228BD9A0009BB9EE /* Resources */,
				508A26C4228A4DFC009A94FB /* Info.plist */,
			);
			path = Tests;
			sourceTree = "<group>";
		};
		508A26C7228A4E32009A94FB /* Foundation */ = {
			isa = PBXGroup;
			children = (
				5032E7092292407500CB40A6 /* ArrayExtensionTest.swift */,
				50954816228DA4AF00BCE2D0 /* BoolExtensionTest.swift */,
				5095482C228E9BD000BCE2D0 /* CalendarExtensionTest.swift */,
				50157FE52296919600BF69EE /* CharacterExtensionTest.swift */,
				50157FE722969DD100BF69EE /* CollectionExtensionTest.swift */,
				50157FE322968AA500BF69EE /* ComparableExtensionTest.swift */,
				505E5B4E228BB353009BB9EE /* DataExtensionTest.swift */,
				50C25700228CEDCC001B3B96 /* DateExtensionTest.swift */,
				50FA2B4822938CDD007C7E9E /* DictionaryExtensionTest.swift */,
				508A26CA228A4E6D009A94FB /* DispatchQueueExtensionTest.swift */,
				50317BBD228D921000808D1A /* DoubleExtensionTest.swift */,
				50954842228F196D00BCE2D0 /* FileManagerExtensionTest.swift */,
				50317BBB228D920300808D1A /* FloatExtensionTest.swift */,
				50954838228EBAF400BCE2D0 /* IntExtensionTest.swift */,
				50FA2B522293A617007C7E9E /* LocaleExtensionTest.swift */,
				5044A21222979B0600F5213A /* StringExtensionTest.swift */,
				50FA2B562293A9E9007C7E9E /* UserDefaultsExtensionTest.swift */,
			);
			path = Foundation;
			sourceTree = "<group>";
		};
		508A26C8228A4E3F009A94FB /* UIKit */ = {
			isa = PBXGroup;
			children = (
				50157FB8229624B900BF69EE /* UIButtonExtensionTest.swift */,
				505E5B5A228C11BB009BB9EE /* UICollectionViewExtensionTest.swift */,
				508A26CE228AA547009A94FB /* UIColorExtensionTest.swift */,
				50B12E202295465800474197 /* UIGestureRecognizerExtensionTest.swift */,
				50157FCA22964EAC00BF69EE /* UIImageExtensionTest.swift */,
				50954830228EA23600BCE2D0 /* UIScrollViewExtensionTest.swift */,
				50FA2B602293C994007C7E9E /* UIStackViewExtensionTest.swift */,
				505E5B58228C11AA009BB9EE /* UITableViewExtensionTest.swift */,
				50FA2B642293DEC8007C7E9E /* UIViewControllerExtensionTest.swift */,
				50B12E182294E81A00474197 /* UIViewExtensionTest.swift */,
			);
			path = UIKit;
			sourceTree = "<group>";
		};
		50954818228E76FA00BCE2D0 /* CoreGraphics */ = {
			isa = PBXGroup;
			children = (
				50954819228E771800BCE2D0 /* CGColor+JSSwifter.swift */,
				5095481E228E7C9700BCE2D0 /* CGFloat+JSSwifter.swift */,
				50954822228E837000BCE2D0 /* CGPoint+JSSwifter.swift */,
				50954826228E90BB00BCE2D0 /* CGSize+JSSwifter.swift */,
			);
			path = CoreGraphics;
			sourceTree = "<group>";
		};
		5095481B228E775C00BCE2D0 /* CoreGraphics */ = {
			isa = PBXGroup;
			children = (
				5095481C228E779A00BCE2D0 /* CGColorExtensionTest.swift */,
				50954820228E7E1000BCE2D0 /* CGFloatExtensionTest.swift */,
				50954824228E85F500BCE2D0 /* CGPointExtensionTest.swift */,
				50954828228E970100BCE2D0 /* CGSizeExtensionTest.swift */,
			);
			path = CoreGraphics;
			sourceTree = "<group>";
		};
		5095483A228EE8F700BCE2D0 /* CoreLocation */ = {
			isa = PBXGroup;
			children = (
				5095483B228EE91700BCE2D0 /* CLLocation+JSSwifter.swift */,
			);
			path = CoreLocation;
			sourceTree = "<group>";
		};
		5095483D228EF46E00BCE2D0 /* CoreLocation */ = {
			isa = PBXGroup;
			children = (
				5095483E228EF48300BCE2D0 /* CLLocationExtensionTest.swift */,
			);
			path = CoreLocation;
			sourceTree = "<group>";
		};
		509DF539228965DA00C4B54F = {
			isa = PBXGroup;
			children = (
				509DF5642289666600C4B54F /* Sources */,
				508A26C2228A4DFC009A94FB /* Tests */,
				509DF5692289666E00C4B54F /* Demo */,
				509DF544228965DA00C4B54F /* Products */,
				509DF586228967A400C4B54F /* Frameworks */,
			);
			sourceTree = "<group>";
		};
		509DF544228965DA00C4B54F /* Products */ = {
			isa = PBXGroup;
			children = (
				509DF543228965DA00C4B54F /* JSSwifter.framework */,
				509DF5522289660B00C4B54F /* JSSwifter-Demo.app */,
				508A26B7228A4DD2009A94FB /* JSSwifter-Tests.xctest */,
			);
			name = Products;
			sourceTree = "<group>";
		};
		509DF5642289666600C4B54F /* Sources */ = {
			isa = PBXGroup;
			children = (
				509DF5832289677200C4B54F /* Core */,
				509DF5652289666600C4B54F /* JSSwifter.h */,
				509DF5662289666600C4B54F /* Info.plist */,
			);
			path = Sources;
			sourceTree = "<group>";
		};
		509DF5692289666E00C4B54F /* Demo */ = {
			isa = PBXGroup;
			children = (
				509DF5742289666E00C4B54F /* AppDelegate */,
				509DF5722289666E00C4B54F /* ViewControllers */,
				509DF56A2289666E00C4B54F /* Storyboards */,
				509DF56F2289666E00C4B54F /* Resources */,
				509DF5762289666E00C4B54F /* SupportingFiles */,
			);
			path = Demo;
			sourceTree = "<group>";
		};
		509DF56A2289666E00C4B54F /* Storyboards */ = {
			isa = PBXGroup;
			children = (
				509DF56B2289666E00C4B54F /* LaunchScreen.storyboard */,
				509DF56D2289666E00C4B54F /* Main.storyboard */,
			);
			path = Storyboards;
			sourceTree = "<group>";
		};
		509DF56F2289666E00C4B54F /* Resources */ = {
			isa = PBXGroup;
			children = (
				509DF5702289666E00C4B54F /* Assets */,
			);
			path = Resources;
			sourceTree = "<group>";
		};
		509DF5702289666E00C4B54F /* Assets */ = {
			isa = PBXGroup;
			children = (
				509DF5712289666E00C4B54F /* Assets.xcassets */,
			);
			path = Assets;
			sourceTree = "<group>";
		};
		509DF5722289666E00C4B54F /* ViewControllers */ = {
			isa = PBXGroup;
			children = (
				509DF5732289666E00C4B54F /* ViewController.swift */,
			);
			path = ViewControllers;
			sourceTree = "<group>";
		};
		509DF5742289666E00C4B54F /* AppDelegate */ = {
			isa = PBXGroup;
			children = (
				509DF5752289666E00C4B54F /* AppDelegate.swift */,
			);
			path = AppDelegate;
			sourceTree = "<group>";
		};
		509DF5762289666E00C4B54F /* SupportingFiles */ = {
			isa = PBXGroup;
			children = (
				509DF5772289666E00C4B54F /* Info.plist */,
			);
			path = SupportingFiles;
			sourceTree = "<group>";
		};
		509DF5832289677200C4B54F /* Core */ = {
			isa = PBXGroup;
			children = (
				50954818228E76FA00BCE2D0 /* CoreGraphics */,
				5095483A228EE8F700BCE2D0 /* CoreLocation */,
				509DF5842289678200C4B54F /* Foundation */,
				50FA2B582293C145007C7E9E /* MapKit */,
				509DF5852289678D00C4B54F /* UIKit */,
			);
			path = Core;
			sourceTree = "<group>";
		};
		509DF5842289678200C4B54F /* Foundation */ = {
			isa = PBXGroup;
			children = (
				5032E7072292367B00CB40A6 /* Array+JSSwifter.swift */,
				50954814228DA45B00BCE2D0 /* Bool+JSSwifter.swift */,
				5095482A228E9B5700BCE2D0 /* Calendar+JSSwifter.swift */,
				50157FD72296850C00BF69EE /* Character+JSSwifter.swift */,
				50157FD92296853E00BF69EE /* Collection+JSSwifter.swift */,
				50157FDB2296855E00BF69EE /* Comparable+JSSwifter.swift */,
				505E5B3E228AECE5009BB9EE /* Data+JSSwifter.swift */,
				505E5B40228B0D8E009BB9EE /* Date+JSSwifter.swift */,
				5032E7102292A94C00CB40A6 /* Dictionary+JSSwifter.swift */,
				509DF58B2289692B00C4B54F /* DispatchQueue+JSSwifter.swift */,
				50C25706228D713A001B3B96 /* Double+JSSwifter.swift */,
				50954840228F17FB00BCE2D0 /* FileManager+JSSwifter.swift */,
				50C25702228D6F1B001B3B96 /* Float+JSSwifter.swift */,
				50954836228EB6A100BCE2D0 /* Int+JSSwifter.swift */,
				50FA2B502293A564007C7E9E /* Locale+JSSwifter.swift */,
				5044A2102297932400F5213A /* String+JSSwifter.swift */,
				50FA2B542293A696007C7E9E /* UserDefaults+JSSwifter.swift */,
			);
			path = Foundation;
			sourceTree = "<group>";
		};
		509DF5852289678D00C4B54F /* UIKit */ = {
			isa = PBXGroup;
			children = (
				50954844228F1E8F00BCE2D0 /* UIApplication+JSSwifter.swift */,
				50B12E2222954E7100474197 /* UIButton+JSSwifter.swift */,
				505E5B46228B0DD2009BB9EE /* UICollectionView+JSSwifter.swift */,
				508A26CC228A65B1009A94FB /* UIColor+JSSwifter.swift */,
				50B12E1A22953A5C00474197 /* UIGestureRecognizer+JSSwifter.swift */,
				50157FC82296365600BF69EE /* UIImage+JSSwifter.swift */,
				5095482E228E9F5A00BCE2D0 /* UIScrollView+JSSwifter.swift */,
				50FA2B5E2293C7EB007C7E9E /* UIStackView+JSSwifter.swift */,
				505E5B44228B0DBF009BB9EE /* UITableView+JSSwifter.swift */,
				50FA2B662293E33E007C7E9E /* UIView+JSSwifter.swift */,
				50FA2B622293D4BB007C7E9E /* UIViewController+JSSwifter.swift */,
			);
			path = UIKit;
			sourceTree = "<group>";
		};
		509DF586228967A400C4B54F /* Frameworks */ = {
			isa = PBXGroup;
			children = (
			);
			name = Frameworks;
			sourceTree = "<group>";
		};
		50FA2B582293C145007C7E9E /* MapKit */ = {
			isa = PBXGroup;
			children = (
				50FA2B592293C15D007C7E9E /* MKMapView+JSSwifter.swift */,
			);
			path = MapKit;
			sourceTree = "<group>";
		};
		50FA2B5B2293C44B007C7E9E /* MapKit */ = {
			isa = PBXGroup;
			children = (
				50FA2B5C2293C46B007C7E9E /* MKMapViewExtensionTest.swift */,
			);
			path = MapKit;
			sourceTree = "<group>";
		};
/* End PBXGroup section */

/* Begin PBXHeadersBuildPhase section */
		509DF53E228965DA00C4B54F /* Headers */ = {
			isa = PBXHeadersBuildPhase;
			buildActionMask = 2147483647;
			files = (
				509DF5672289666600C4B54F /* JSSwifter.h in Headers */,
			);
			runOnlyForDeploymentPostprocessing = 0;
		};
/* End PBXHeadersBuildPhase section */

/* Begin PBXNativeTarget section */
		508A26B6228A4DD2009A94FB /* JSSwifter-Tests */ = {
			isa = PBXNativeTarget;
			buildConfigurationList = 508A26BF228A4DD2009A94FB /* Build configuration list for PBXNativeTarget "JSSwifter-Tests" */;
			buildPhases = (
				508A26B3228A4DD2009A94FB /* Sources */,
				508A26B4228A4DD2009A94FB /* Frameworks */,
				508A26B5228A4DD2009A94FB /* Resources */,
			);
			buildRules = (
			);
			dependencies = (
				508A26BE228A4DD2009A94FB /* PBXTargetDependency */,
			);
			name = "JSSwifter-Tests";
			productName = "JSSwifter-Test";
			productReference = 508A26B7228A4DD2009A94FB /* JSSwifter-Tests.xctest */;
			productType = "com.apple.product-type.bundle.unit-test";
		};
		509DF542228965DA00C4B54F /* JSSwifter */ = {
			isa = PBXNativeTarget;
			buildConfigurationList = 509DF54B228965DA00C4B54F /* Build configuration list for PBXNativeTarget "JSSwifter" */;
			buildPhases = (
				509DF53E228965DA00C4B54F /* Headers */,
				509DF53F228965DA00C4B54F /* Sources */,
				509DF540228965DA00C4B54F /* Frameworks */,
				509DF541228965DA00C4B54F /* Resources */,
			);
			buildRules = (
			);
			dependencies = (
			);
			name = JSSwifter;
			productName = JSSwifter;
			productReference = 509DF543228965DA00C4B54F /* JSSwifter.framework */;
			productType = "com.apple.product-type.framework";
		};
		509DF5512289660B00C4B54F /* JSSwifter-Demo */ = {
			isa = PBXNativeTarget;
			buildConfigurationList = 509DF5632289660D00C4B54F /* Build configuration list for PBXNativeTarget "JSSwifter-Demo" */;
			buildPhases = (
				509DF54E2289660B00C4B54F /* Sources */,
				509DF54F2289660B00C4B54F /* Frameworks */,
				509DF5502289660B00C4B54F /* Resources */,
				509DF5822289670400C4B54F /* Embed Frameworks */,
			);
			buildRules = (
			);
			dependencies = (
				509DF5812289670300C4B54F /* PBXTargetDependency */,
			);
			name = "JSSwifter-Demo";
			productName = "JSSwifter-Demo";
			productReference = 509DF5522289660B00C4B54F /* JSSwifter-Demo.app */;
			productType = "com.apple.product-type.application";
		};
/* End PBXNativeTarget section */

/* Begin PBXProject section */
		509DF53A228965DA00C4B54F /* Project object */ = {
			isa = PBXProject;
			attributes = {
				LastSwiftUpdateCheck = 1020;
				LastUpgradeCheck = 1020;
				ORGANIZATIONNAME = Max;
				TargetAttributes = {
					508A26B6228A4DD2009A94FB = {
						CreatedOnToolsVersion = 10.2.1;
						LastSwiftMigration = 1020;
					};
					509DF542228965DA00C4B54F = {
						CreatedOnToolsVersion = 10.2.1;
						LastSwiftMigration = 1020;
					};
					509DF5512289660B00C4B54F = {
						CreatedOnToolsVersion = 10.2.1;
					};
				};
			};
			buildConfigurationList = 509DF53D228965DA00C4B54F /* Build configuration list for PBXProject "JSSwifter" */;
			compatibilityVersion = "Xcode 9.3";
			developmentRegion = en;
			hasScannedForEncodings = 0;
			knownRegions = (
				en,
				Base,
			);
			mainGroup = 509DF539228965DA00C4B54F;
			productRefGroup = 509DF544228965DA00C4B54F /* Products */;
			projectDirPath = "";
			projectRoot = "";
			targets = (
				509DF542228965DA00C4B54F /* JSSwifter */,
				509DF5512289660B00C4B54F /* JSSwifter-Demo */,
				508A26B6228A4DD2009A94FB /* JSSwifter-Tests */,
			);
		};
/* End PBXProject section */

/* Begin PBXResourcesBuildPhase section */
		508A26B5228A4DD2009A94FB /* Resources */ = {
			isa = PBXResourcesBuildPhase;
			buildActionMask = 2147483647;
			files = (
				50FA2B4E22938D26007C7E9E /* test.dict.json in Resources */,
				5032E70F2292A84200CB40A6 /* test.plist in Resources */,
				505E5B55228BDC76009BB9EE /* test.txt.gz in Resources */,
				50FA2B4F22938D29007C7E9E /* test.dict.plist in Resources */,
				505E5B57228C0AF1009BB9EE /* test.json in Resources */,
				50157FCD229668A500BF69EE /* test.png in Resources */,
			);
			runOnlyForDeploymentPostprocessing = 0;
		};
		509DF541228965DA00C4B54F /* Resources */ = {
			isa = PBXResourcesBuildPhase;
			buildActionMask = 2147483647;
			files = (
			);
			runOnlyForDeploymentPostprocessing = 0;
		};
		509DF5502289660B00C4B54F /* Resources */ = {
			isa = PBXResourcesBuildPhase;
			buildActionMask = 2147483647;
			files = (
				509DF5782289666E00C4B54F /* LaunchScreen.storyboard in Resources */,
				509DF57A2289666E00C4B54F /* Assets.xcassets in Resources */,
				509DF5792289666E00C4B54F /* Main.storyboard in Resources */,
			);
			runOnlyForDeploymentPostprocessing = 0;
		};
/* End PBXResourcesBuildPhase section */

/* Begin PBXSourcesBuildPhase section */
		508A26B3228A4DD2009A94FB /* Sources */ = {
			isa = PBXSourcesBuildPhase;
			buildActionMask = 2147483647;
			files = (
				508A26CB228A4E6D009A94FB /* DispatchQueueExtensionTest.swift in Sources */,
				50157FE822969DD100BF69EE /* CollectionExtensionTest.swift in Sources */,
				50157FE422968AA500BF69EE /* ComparableExtensionTest.swift in Sources */,
				50954821228E7E1000BCE2D0 /* CGFloatExtensionTest.swift in Sources */,
				50FA2B572293A9E9007C7E9E /* UserDefaultsExtensionTest.swift in Sources */,
				5095481D228E779A00BCE2D0 /* CGColorExtensionTest.swift in Sources */,
				50157FE62296919600BF69EE /* CharacterExtensionTest.swift in Sources */,
				5044A21322979B0600F5213A /* StringExtensionTest.swift in Sources */,
				50FA2B652293DEC8007C7E9E /* UIViewControllerExtensionTest.swift in Sources */,
				50C25701228CEDCC001B3B96 /* DateExtensionTest.swift in Sources */,
				50FA2B532293A617007C7E9E /* LocaleExtensionTest.swift in Sources */,
				508A26CF228AA547009A94FB /* UIColorExtensionTest.swift in Sources */,
				50317BBC228D920300808D1A /* FloatExtensionTest.swift in Sources */,
				50954817228DA4AF00BCE2D0 /* BoolExtensionTest.swift in Sources */,
				5095482D228E9BD000BCE2D0 /* CalendarExtensionTest.swift in Sources */,
				5095483F228EF48300BCE2D0 /* CLLocationExtensionTest.swift in Sources */,
				50B12E212295465800474197 /* UIGestureRecognizerExtensionTest.swift in Sources */,
				50317BBE228D921000808D1A /* DoubleExtensionTest.swift in Sources */,
				50954839228EBAF400BCE2D0 /* IntExtensionTest.swift in Sources */,
				50157FCB22964EAC00BF69EE /* UIImageExtensionTest.swift in Sources */,
				50FA2B612293C994007C7E9E /* UIStackViewExtensionTest.swift in Sources */,
				5032E70A2292407500CB40A6 /* ArrayExtensionTest.swift in Sources */,
				505E5B4F228BB353009BB9EE /* DataExtensionTest.swift in Sources */,
				505E5B5B228C11BB009BB9EE /* UICollectionViewExtensionTest.swift in Sources */,
				50FA2B5D2293C46B007C7E9E /* MKMapViewExtensionTest.swift in Sources */,
				50954831228EA23600BCE2D0 /* UIScrollViewExtensionTest.swift in Sources */,
				50157FB9229624B900BF69EE /* UIButtonExtensionTest.swift in Sources */,
				50B12E192294E81A00474197 /* UIViewExtensionTest.swift in Sources */,
				50954829228E970100BCE2D0 /* CGSizeExtensionTest.swift in Sources */,
				50954843228F196D00BCE2D0 /* FileManagerExtensionTest.swift in Sources */,
				50954825228E85F500BCE2D0 /* CGPointExtensionTest.swift in Sources */,
				505E5B59228C11AA009BB9EE /* UITableViewExtensionTest.swift in Sources */,
				50FA2B4922938CDD007C7E9E /* DictionaryExtensionTest.swift in Sources */,
			);
			runOnlyForDeploymentPostprocessing = 0;
		};
		509DF53F228965DA00C4B54F /* Sources */ = {
			isa = PBXSourcesBuildPhase;
			buildActionMask = 2147483647;
			files = (
				50C25703228D6F1B001B3B96 /* Float+JSSwifter.swift in Sources */,
				509DF58C2289692B00C4B54F /* DispatchQueue+JSSwifter.swift in Sources */,
				50C25707228D713A001B3B96 /* Double+JSSwifter.swift in Sources */,
				50B12E1B22953A5C00474197 /* UIGestureRecognizer+JSSwifter.swift in Sources */,
				50954841228F17FB00BCE2D0 /* FileManager+JSSwifter.swift in Sources */,
				50954827228E90BB00BCE2D0 /* CGSize+JSSwifter.swift in Sources */,
				5095481F228E7C9700BCE2D0 /* CGFloat+JSSwifter.swift in Sources */,
				50157FD82296850C00BF69EE /* Character+JSSwifter.swift in Sources */,
				50954837228EB6A100BCE2D0 /* Int+JSSwifter.swift in Sources */,
				50B12E2322954E7100474197 /* UIButton+JSSwifter.swift in Sources */,
				5032E7082292367B00CB40A6 /* Array+JSSwifter.swift in Sources */,
				50FA2B552293A696007C7E9E /* UserDefaults+JSSwifter.swift in Sources */,
				50954845228F1E8F00BCE2D0 /* UIApplication+JSSwifter.swift in Sources */,
				5095481A228E771800BCE2D0 /* CGColor+JSSwifter.swift in Sources */,
				505E5B41228B0D8E009BB9EE /* Date+JSSwifter.swift in Sources */,
				50FA2B512293A564007C7E9E /* Locale+JSSwifter.swift in Sources */,
				50954823228E837000BCE2D0 /* CGPoint+JSSwifter.swift in Sources */,
				505E5B47228B0DD2009BB9EE /* UICollectionView+JSSwifter.swift in Sources */,
				5095483C228EE91700BCE2D0 /* CLLocation+JSSwifter.swift in Sources */,
				50FA2B5F2293C7EB007C7E9E /* UIStackView+JSSwifter.swift in Sources */,
				50954815228DA45B00BCE2D0 /* Bool+JSSwifter.swift in Sources */,
				50FA2B632293D4BB007C7E9E /* UIViewController+JSSwifter.swift in Sources */,
				50157FC92296365600BF69EE /* UIImage+JSSwifter.swift in Sources */,
				50FA2B5A2293C15D007C7E9E /* MKMapView+JSSwifter.swift in Sources */,
				505E5B45228B0DBF009BB9EE /* UITableView+JSSwifter.swift in Sources */,
				505E5B3F228AECE5009BB9EE /* Data+JSSwifter.swift in Sources */,
				5095482F228E9F5A00BCE2D0 /* UIScrollView+JSSwifter.swift in Sources */,
				508A26CD228A65B1009A94FB /* UIColor+JSSwifter.swift in Sources */,
				5044A2112297932400F5213A /* String+JSSwifter.swift in Sources */,
				50157FDC2296855E00BF69EE /* Comparable+JSSwifter.swift in Sources */,
				50FA2B672293E33E007C7E9E /* UIView+JSSwifter.swift in Sources */,
				5032E7112292A94C00CB40A6 /* Dictionary+JSSwifter.swift in Sources */,
				50157FDA2296853E00BF69EE /* Collection+JSSwifter.swift in Sources */,
				5095482B228E9B5700BCE2D0 /* Calendar+JSSwifter.swift in Sources */,
			);
			runOnlyForDeploymentPostprocessing = 0;
		};
		509DF54E2289660B00C4B54F /* Sources */ = {
			isa = PBXSourcesBuildPhase;
			buildActionMask = 2147483647;
			files = (
				509DF57C2289666E00C4B54F /* AppDelegate.swift in Sources */,
				509DF57B2289666E00C4B54F /* ViewController.swift in Sources */,
			);
			runOnlyForDeploymentPostprocessing = 0;
		};
/* End PBXSourcesBuildPhase section */

/* Begin PBXTargetDependency section */
		508A26BE228A4DD2009A94FB /* PBXTargetDependency */ = {
			isa = PBXTargetDependency;
			target = 509DF542228965DA00C4B54F /* JSSwifter */;
			targetProxy = 508A26BD228A4DD2009A94FB /* PBXContainerItemProxy */;
		};
		509DF5812289670300C4B54F /* PBXTargetDependency */ = {
			isa = PBXTargetDependency;
			target = 509DF542228965DA00C4B54F /* JSSwifter */;
			targetProxy = 509DF5802289670300C4B54F /* PBXContainerItemProxy */;
		};
/* End PBXTargetDependency section */

/* Begin PBXVariantGroup section */
		509DF56B2289666E00C4B54F /* LaunchScreen.storyboard */ = {
			isa = PBXVariantGroup;
			children = (
				509DF56C2289666E00C4B54F /* Base */,
			);
			name = LaunchScreen.storyboard;
			sourceTree = "<group>";
		};
		509DF56D2289666E00C4B54F /* Main.storyboard */ = {
			isa = PBXVariantGroup;
			children = (
				509DF56E2289666E00C4B54F /* Base */,
			);
			name = Main.storyboard;
			sourceTree = "<group>";
		};
/* End PBXVariantGroup section */

/* Begin XCBuildConfiguration section */
		508A26C0228A4DD2009A94FB /* Debug */ = {
			isa = XCBuildConfiguration;
			buildSettings = {
				CLANG_ENABLE_MODULES = YES;
				CODE_SIGN_IDENTITY = "iPhone Developer";
				CODE_SIGN_STYLE = Automatic;
				DEVELOPMENT_TEAM = "";
				INFOPLIST_FILE = Tests/Info.plist;
				IPHONEOS_DEPLOYMENT_TARGET = 12.2;
				LD_RUNPATH_SEARCH_PATHS = (
					"$(inherited)",
					"@executable_path/Frameworks",
					"@loader_path/Frameworks",
				);
				PRODUCT_BUNDLE_IDENTIFIER = "com.sibo.jian.JSSwifter-Test";
				PRODUCT_NAME = "$(TARGET_NAME)";
				PROVISIONING_PROFILE_SPECIFIER = "";
				SWIFT_OBJC_BRIDGING_HEADER = "";
				SWIFT_OPTIMIZATION_LEVEL = "-Onone";
				SWIFT_VERSION = 5.0;
				TARGETED_DEVICE_FAMILY = "1,2";
			};
			name = Debug;
		};
		508A26C1228A4DD2009A94FB /* Release */ = {
			isa = XCBuildConfiguration;
			buildSettings = {
				CLANG_ENABLE_MODULES = YES;
				CODE_SIGN_IDENTITY = "iPhone Developer";
				CODE_SIGN_STYLE = Automatic;
				DEVELOPMENT_TEAM = "";
				INFOPLIST_FILE = Tests/Info.plist;
				IPHONEOS_DEPLOYMENT_TARGET = 12.2;
				LD_RUNPATH_SEARCH_PATHS = (
					"$(inherited)",
					"@executable_path/Frameworks",
					"@loader_path/Frameworks",
				);
				PRODUCT_BUNDLE_IDENTIFIER = "com.sibo.jian.JSSwifter-Test";
				PRODUCT_NAME = "$(TARGET_NAME)";
				PROVISIONING_PROFILE_SPECIFIER = "";
				SWIFT_OBJC_BRIDGING_HEADER = "";
				SWIFT_VERSION = 5.0;
				TARGETED_DEVICE_FAMILY = "1,2";
			};
			name = Release;
		};
		509DF549228965DA00C4B54F /* Debug */ = {
			isa = XCBuildConfiguration;
			buildSettings = {
				ALWAYS_SEARCH_USER_PATHS = NO;
				CLANG_ANALYZER_NONNULL = YES;
				CLANG_ANALYZER_NUMBER_OBJECT_CONVERSION = YES_AGGRESSIVE;
				CLANG_CXX_LANGUAGE_STANDARD = "gnu++14";
				CLANG_CXX_LIBRARY = "libc++";
				CLANG_ENABLE_MODULES = YES;
				CLANG_ENABLE_OBJC_ARC = YES;
				CLANG_ENABLE_OBJC_WEAK = YES;
				CLANG_WARN_BLOCK_CAPTURE_AUTORELEASING = YES;
				CLANG_WARN_BOOL_CONVERSION = YES;
				CLANG_WARN_COMMA = YES;
				CLANG_WARN_CONSTANT_CONVERSION = YES;
				CLANG_WARN_DEPRECATED_OBJC_IMPLEMENTATIONS = YES;
				CLANG_WARN_DIRECT_OBJC_ISA_USAGE = YES_ERROR;
				CLANG_WARN_DOCUMENTATION_COMMENTS = YES;
				CLANG_WARN_EMPTY_BODY = YES;
				CLANG_WARN_ENUM_CONVERSION = YES;
				CLANG_WARN_INFINITE_RECURSION = YES;
				CLANG_WARN_INT_CONVERSION = YES;
				CLANG_WARN_NON_LITERAL_NULL_CONVERSION = YES;
				CLANG_WARN_OBJC_IMPLICIT_RETAIN_SELF = YES;
				CLANG_WARN_OBJC_LITERAL_CONVERSION = YES;
				CLANG_WARN_OBJC_ROOT_CLASS = YES_ERROR;
				CLANG_WARN_RANGE_LOOP_ANALYSIS = YES;
				CLANG_WARN_STRICT_PROTOTYPES = YES;
				CLANG_WARN_SUSPICIOUS_MOVE = YES;
				CLANG_WARN_UNGUARDED_AVAILABILITY = YES_AGGRESSIVE;
				CLANG_WARN_UNREACHABLE_CODE = YES;
				CLANG_WARN__DUPLICATE_METHOD_MATCH = YES;
				CODE_SIGN_IDENTITY = "iPhone Developer";
				COPY_PHASE_STRIP = NO;
				CURRENT_PROJECT_VERSION = 1;
				DEBUG_INFORMATION_FORMAT = dwarf;
				ENABLE_STRICT_OBJC_MSGSEND = YES;
				ENABLE_TESTABILITY = YES;
				GCC_C_LANGUAGE_STANDARD = gnu11;
				GCC_DYNAMIC_NO_PIC = NO;
				GCC_NO_COMMON_BLOCKS = YES;
				GCC_OPTIMIZATION_LEVEL = 0;
				GCC_PREPROCESSOR_DEFINITIONS = (
					"DEBUG=1",
					"$(inherited)",
				);
				GCC_WARN_64_TO_32_BIT_CONVERSION = YES;
				GCC_WARN_ABOUT_RETURN_TYPE = YES_ERROR;
				GCC_WARN_UNDECLARED_SELECTOR = YES;
				GCC_WARN_UNINITIALIZED_AUTOS = YES_AGGRESSIVE;
				GCC_WARN_UNUSED_FUNCTION = YES;
				GCC_WARN_UNUSED_VARIABLE = YES;
				IPHONEOS_DEPLOYMENT_TARGET = 9.0;
				MTL_ENABLE_DEBUG_INFO = INCLUDE_SOURCE;
				MTL_FAST_MATH = YES;
				ONLY_ACTIVE_ARCH = YES;
				SDKROOT = iphoneos;
				SWIFT_ACTIVE_COMPILATION_CONDITIONS = DEBUG;
				SWIFT_OPTIMIZATION_LEVEL = "-Onone";
				SWIFT_VERSION = 5.0;
				VERSIONING_SYSTEM = "apple-generic";
				VERSION_INFO_PREFIX = "";
			};
			name = Debug;
		};
		509DF54A228965DA00C4B54F /* Release */ = {
			isa = XCBuildConfiguration;
			buildSettings = {
				ALWAYS_SEARCH_USER_PATHS = NO;
				CLANG_ANALYZER_NONNULL = YES;
				CLANG_ANALYZER_NUMBER_OBJECT_CONVERSION = YES_AGGRESSIVE;
				CLANG_CXX_LANGUAGE_STANDARD = "gnu++14";
				CLANG_CXX_LIBRARY = "libc++";
				CLANG_ENABLE_MODULES = YES;
				CLANG_ENABLE_OBJC_ARC = YES;
				CLANG_ENABLE_OBJC_WEAK = YES;
				CLANG_WARN_BLOCK_CAPTURE_AUTORELEASING = YES;
				CLANG_WARN_BOOL_CONVERSION = YES;
				CLANG_WARN_COMMA = YES;
				CLANG_WARN_CONSTANT_CONVERSION = YES;
				CLANG_WARN_DEPRECATED_OBJC_IMPLEMENTATIONS = YES;
				CLANG_WARN_DIRECT_OBJC_ISA_USAGE = YES_ERROR;
				CLANG_WARN_DOCUMENTATION_COMMENTS = YES;
				CLANG_WARN_EMPTY_BODY = YES;
				CLANG_WARN_ENUM_CONVERSION = YES;
				CLANG_WARN_INFINITE_RECURSION = YES;
				CLANG_WARN_INT_CONVERSION = YES;
				CLANG_WARN_NON_LITERAL_NULL_CONVERSION = YES;
				CLANG_WARN_OBJC_IMPLICIT_RETAIN_SELF = YES;
				CLANG_WARN_OBJC_LITERAL_CONVERSION = YES;
				CLANG_WARN_OBJC_ROOT_CLASS = YES_ERROR;
				CLANG_WARN_RANGE_LOOP_ANALYSIS = YES;
				CLANG_WARN_STRICT_PROTOTYPES = YES;
				CLANG_WARN_SUSPICIOUS_MOVE = YES;
				CLANG_WARN_UNGUARDED_AVAILABILITY = YES_AGGRESSIVE;
				CLANG_WARN_UNREACHABLE_CODE = YES;
				CLANG_WARN__DUPLICATE_METHOD_MATCH = YES;
				CODE_SIGN_IDENTITY = "iPhone Developer";
				COPY_PHASE_STRIP = NO;
				CURRENT_PROJECT_VERSION = 1;
				DEBUG_INFORMATION_FORMAT = "dwarf-with-dsym";
				ENABLE_NS_ASSERTIONS = NO;
				ENABLE_STRICT_OBJC_MSGSEND = YES;
				GCC_C_LANGUAGE_STANDARD = gnu11;
				GCC_NO_COMMON_BLOCKS = YES;
				GCC_WARN_64_TO_32_BIT_CONVERSION = YES;
				GCC_WARN_ABOUT_RETURN_TYPE = YES_ERROR;
				GCC_WARN_UNDECLARED_SELECTOR = YES;
				GCC_WARN_UNINITIALIZED_AUTOS = YES_AGGRESSIVE;
				GCC_WARN_UNUSED_FUNCTION = YES;
				GCC_WARN_UNUSED_VARIABLE = YES;
				IPHONEOS_DEPLOYMENT_TARGET = 9.0;
				MTL_ENABLE_DEBUG_INFO = NO;
				MTL_FAST_MATH = YES;
				SDKROOT = iphoneos;
				SWIFT_COMPILATION_MODE = wholemodule;
				SWIFT_OPTIMIZATION_LEVEL = "-O";
				SWIFT_VERSION = 5.0;
				VALIDATE_PRODUCT = YES;
				VERSIONING_SYSTEM = "apple-generic";
				VERSION_INFO_PREFIX = "";
			};
			name = Release;
		};
		509DF54C228965DA00C4B54F /* Debug */ = {
			isa = XCBuildConfiguration;
			buildSettings = {
				APPLICATION_EXTENSION_API_ONLY = YES;
				CLANG_ENABLE_MODULES = YES;
				CODE_SIGN_IDENTITY = "";
				CODE_SIGN_STYLE = Automatic;
				DEFINES_MODULE = YES;
				DYLIB_COMPATIBILITY_VERSION = 1;
				DYLIB_CURRENT_VERSION = 1;
				DYLIB_INSTALL_NAME_BASE = "@rpath";
				INFOPLIST_FILE = Sources/Info.plist;
				INSTALL_PATH = "$(LOCAL_LIBRARY_DIR)/Frameworks";
				LD_RUNPATH_SEARCH_PATHS = (
					"$(inherited)",
					"@executable_path/Frameworks",
					"@loader_path/Frameworks",
				);
				PRODUCT_BUNDLE_IDENTIFIER = com.sibo.jian.JSSwifter;
				PRODUCT_NAME = "$(TARGET_NAME:c99extidentifier)";
				SKIP_INSTALL = YES;
				SWIFT_OPTIMIZATION_LEVEL = "-Onone";
				SWIFT_VERSION = 5.0;
				TARGETED_DEVICE_FAMILY = "1,2";
			};
			name = Debug;
		};
		509DF54D228965DA00C4B54F /* Release */ = {
			isa = XCBuildConfiguration;
			buildSettings = {
				APPLICATION_EXTENSION_API_ONLY = YES;
				CLANG_ENABLE_MODULES = YES;
				CODE_SIGN_IDENTITY = "";
				CODE_SIGN_STYLE = Automatic;
				DEFINES_MODULE = YES;
				DYLIB_COMPATIBILITY_VERSION = 1;
				DYLIB_CURRENT_VERSION = 1;
				DYLIB_INSTALL_NAME_BASE = "@rpath";
				INFOPLIST_FILE = Sources/Info.plist;
				INSTALL_PATH = "$(LOCAL_LIBRARY_DIR)/Frameworks";
				LD_RUNPATH_SEARCH_PATHS = (
					"$(inherited)",
					"@executable_path/Frameworks",
					"@loader_path/Frameworks",
				);
				PRODUCT_BUNDLE_IDENTIFIER = com.sibo.jian.JSSwifter;
				PRODUCT_NAME = "$(TARGET_NAME:c99extidentifier)";
				SKIP_INSTALL = YES;
				SWIFT_VERSION = 5.0;
				TARGETED_DEVICE_FAMILY = "1,2";
			};
			name = Release;
		};
		509DF5612289660D00C4B54F /* Debug */ = {
			isa = XCBuildConfiguration;
			buildSettings = {
				ALWAYS_EMBED_SWIFT_STANDARD_LIBRARIES = YES;
				ASSETCATALOG_COMPILER_APPICON_NAME = AppIcon;
				CODE_SIGN_STYLE = Automatic;
				INFOPLIST_FILE = Demo/SupportingFiles/Info.plist;
				LD_RUNPATH_SEARCH_PATHS = (
					"$(inherited)",
					"@executable_path/Frameworks",
				);
				PRODUCT_BUNDLE_IDENTIFIER = "com.sibo.jian.JSSwifter-Demo";
				PRODUCT_NAME = "$(TARGET_NAME)";
				SWIFT_VERSION = 5.0;
				TARGETED_DEVICE_FAMILY = "1,2";
			};
			name = Debug;
		};
		509DF5622289660D00C4B54F /* Release */ = {
			isa = XCBuildConfiguration;
			buildSettings = {
				ALWAYS_EMBED_SWIFT_STANDARD_LIBRARIES = YES;
				ASSETCATALOG_COMPILER_APPICON_NAME = AppIcon;
				CODE_SIGN_STYLE = Automatic;
				INFOPLIST_FILE = Demo/SupportingFiles/Info.plist;
				LD_RUNPATH_SEARCH_PATHS = (
					"$(inherited)",
					"@executable_path/Frameworks",
				);
				PRODUCT_BUNDLE_IDENTIFIER = "com.sibo.jian.JSSwifter-Demo";
				PRODUCT_NAME = "$(TARGET_NAME)";
				SWIFT_VERSION = 5.0;
				TARGETED_DEVICE_FAMILY = "1,2";
			};
			name = Release;
		};
/* End XCBuildConfiguration section */

/* Begin XCConfigurationList section */
		508A26BF228A4DD2009A94FB /* Build configuration list for PBXNativeTarget "JSSwifter-Tests" */ = {
			isa = XCConfigurationList;
			buildConfigurations = (
				508A26C0228A4DD2009A94FB /* Debug */,
				508A26C1228A4DD2009A94FB /* Release */,
			);
			defaultConfigurationIsVisible = 0;
			defaultConfigurationName = Release;
		};
		509DF53D228965DA00C4B54F /* Build configuration list for PBXProject "JSSwifter" */ = {
			isa = XCConfigurationList;
			buildConfigurations = (
				509DF549228965DA00C4B54F /* Debug */,
				509DF54A228965DA00C4B54F /* Release */,
			);
			defaultConfigurationIsVisible = 0;
			defaultConfigurationName = Release;
		};
		509DF54B228965DA00C4B54F /* Build configuration list for PBXNativeTarget "JSSwifter" */ = {
			isa = XCConfigurationList;
			buildConfigurations = (
				509DF54C228965DA00C4B54F /* Debug */,
				509DF54D228965DA00C4B54F /* Release */,
			);
			defaultConfigurationIsVisible = 0;
			defaultConfigurationName = Release;
		};
		509DF5632289660D00C4B54F /* Build configuration list for PBXNativeTarget "JSSwifter-Demo" */ = {
			isa = XCConfigurationList;
			buildConfigurations = (
				509DF5612289660D00C4B54F /* Debug */,
				509DF5622289660D00C4B54F /* Release */,
			);
			defaultConfigurationIsVisible = 0;
			defaultConfigurationName = Release;
		};
/* End XCConfigurationList section */
	};
	rootObject = 509DF53A228965DA00C4B54F /* Project object */;
}
